# This file is automatically @generated by Cargo.
# It is not intended for manual editing.
version = 3

[[package]]
name = "ag-ai"
version = "0.0.0"

[[package]]
name = "ag-auth"
version = "0.0.0"

[[package]]
name = "ag-cache"
version = "0.0.0"

[[package]]
name = "ag-cli"
version = "0.0.0"

[[package]]
name = "ag-cloud"
version = "0.0.0"

[[package]]
name = "ag-core"
version = "0.0.0"

[[package]]
name = "ag-data"
version = "0.0.0"

[[package]]
name = "ag-dsl"
version = "0.0.0"

[[package]]
name = "ag-migrate"
version = "0.0.0"

[[package]]
name = "ag-mobile"
version = "0.0.0"

[[package]]
name = "ag-observe"
version = "0.0.0"

[[package]]
name = "ag-realtime"
version = "0.0.0"

[[package]]
name = "ag-storage"
version = "0.0.0"

[[package]]
name = "ag-ui"
version = "0.0.0"

[[package]]
name = "ag-wasm-host"
version = "0.0.0"
